
Microsoft Visual Studio Solution File, Format Version 12.00
# Visual Studio Version 17
VisualStudioVersion = 17.6.33829.357
MinimumVisualStudioVersion = 10.0.40219.1
Project("{9A19103F-16F7-4668-BE54-9A1E7A4F7556}") = "ZombieRot", "ZombieRot\ZombieRot.csproj", "{29E9DDC9-6960-4393-9BC1-3E89433B4CBE}"
EndProject
Global
	GlobalSection(SolutionConfigurationPlatforms) = preSolution
		Debug|Any CPU = Debug|Any CPU
		Release|Any CPU = Release|Any CPU
	EndGlobalSection
	GlobalSection(ProjectConfigurationPlatforms) = postSolution
		{29E9DDC9-6960-4393-9BC1-3E89433B4CBE}.Debug|Any CPU.ActiveCfg = Release|Any CPU
		{29E9DDC9-6960-4393-9BC1-3E89433B4CBE}.Debug|Any CPU.Build.0 = Release|Any CPU
		{29E9DDC9-6960-4393-9BC1-3E89433B4CBE}.Release|Any CPU.ActiveCfg = Release|Any CPU
		{29E9DDC9-6960-4393-9BC1-3E89433B4CBE}.Release|Any CPU.Build.0 = Release|Any CPU
	EndGlobalSection
	GlobalSection(SolutionProperties) = preSolution
		HideSolutionNode = FALSE
	EndGlobalSection
	GlobalSection(ExtensibilityGlobals) = postSolution
		SolutionGuid = {F41F0DDA-2AB8-4F9E-A56B-7BE26F18B12D}
	EndGlobalSection
EndGlobal
